
Microsoft Visual Studio Solution File, Format Version 12.00
# Visual Studio 15
VisualStudioVersion = 15.0.28307.572
MinimumVisualStudioVersion = 10.0.40219.1
Project("{9A19103F-16F7-4668-BE54-9A1E7A4F7556}") = "SqlSugarDemo.Services", "SqlSugarDemo.Services\SqlSugarDemo.Services.csproj", "{D5A74F3C-7F05-4937-BE33-28C79E61DE8D}"
EndProject
Project("{9A19103F-16F7-4668-BE54-9A1E7A4F7556}") = "SqlSugarDemo.ORM", "SqlSugarDemo.ORM\SqlSugarDemo.ORM.csproj", "{7FD52C40-2D2D-499E-832D-6D073597D16A}"
EndProject
Project("{9A19103F-16F7-4668-BE54-9A1E7A4F7556}") = "SqlSugarDemo.WebInfo", "SqlSugarDemo.WebInfo\SqlSugarDemo.WebInfo.csproj", "{6D456065-AD40-42F4-AFA9-17F383BD76FB}"
EndProject
Global
	GlobalSection(SolutionConfigurationPlatforms) = preSolution
		Debug|Any CPU = Debug|Any CPU
		Release|Any CPU = Release|Any CPU
	EndGlobalSection
	GlobalSection(ProjectConfigurationPlatforms) = postSolution
		{D5A74F3C-7F05-4937-BE33-28C79E61DE8D}.Debug|Any CPU.ActiveCfg = Debug|Any CPU
		{D5A74F3C-7F05-4937-BE33-28C79E61DE8D}.Debug|Any CPU.Build.0 = Debug|Any CPU
		{D5A74F3C-7F05-4937-BE33-28C79E61DE8D}.Release|Any CPU.ActiveCfg = Release|Any CPU
		{D5A74F3C-7F05-4937-BE33-28C79E61DE8D}.Release|Any CPU.Build.0 = Release|Any CPU
		{7FD52C40-2D2D-499E-832D-6D073597D16A}.Debug|Any CPU.ActiveCfg = Debug|Any CPU
		{7FD52C40-2D2D-499E-832D-6D073597D16A}.Debug|Any CPU.Build.0 = Debug|Any CPU
		{7FD52C40-2D2D-499E-832D-6D073597D16A}.Release|Any CPU.ActiveCfg = Release|Any CPU
		{7FD52C40-2D2D-499E-832D-6D073597D16A}.Release|Any CPU.Build.0 = Release|Any CPU
		{6D456065-AD40-42F4-AFA9-17F383BD76FB}.Debug|Any CPU.ActiveCfg = Debug|Any CPU
		{6D456065-AD40-42F4-AFA9-17F383BD76FB}.Debug|Any CPU.Build.0 = Debug|Any CPU
		{6D456065-AD40-42F4-AFA9-17F383BD76FB}.Release|Any CPU.ActiveCfg = Release|Any CPU
		{6D456065-AD40-42F4-AFA9-17F383BD76FB}.Release|Any CPU.Build.0 = Release|Any CPU
	EndGlobalSection
	GlobalSection(SolutionProperties) = preSolution
		HideSolutionNode = FALSE
	EndGlobalSection
	GlobalSection(ExtensibilityGlobals) = postSolution
		SolutionGuid = {00462188-2A1B-492C-8468-DEF3731D9E79}
	EndGlobalSection
EndGlobal
